<?xml version="1.0" encoding="utf-8"?>
<Project ToolsVersion="4.0" xmlns="http://schemas.microsoft.com/developer/msbuild/2003">
  <ItemGroup>
    <ClCompile Include="main.cpp" />
    <ClCompile Include="Actor\Character\Player\Player1.cpp" />
    <ClCompile Include="SceneManager\SceneManager.cpp" />
    <ClCompile Include="Scene\GameMain\GameMainScene.cpp" />
    <ClCompile Include="UI\UI.cpp" />
    <ClCompile Include="Actor\Item\BonusBox.cpp" />
    <ClCompile Include="Actor\Item\Item.cpp" />
    <ClCompile Include="Actor\Character\Player\Player2.cpp" />
    <ClCompile Include="Actor\bullet.cpp" />
    <ClCompile Include="Skill\skill1.cpp" />
    <ClCompile Include="Scene\Title\TitleScene.cpp" />
    <ClCompile Include="Scene\Result\ResultScene.cpp" />
    <ClCompile Include="Scene\End\EndScene.cpp" />
    <ClCompile Include="Actor\Skyfloor\Floor.cpp" />
    <ClCompile Include="Scene\Help\HelpScene.cpp" />
    <ClCompile Include="Actor\Character\CharaBase.cpp" />
    <ClCompile Include="Utility\FontManager.cpp" />
  </ItemGroup>
  <ItemGroup>
    <ClCompile Include="main.cpp">
      <Filter>ソース ファイル</Filter>
    </ClCompile>
    <ClCompile Include="SceneManager\SceneManager.cpp">
      <Filter>ソース ファイル</Filter>
    </ClCompile>
    <ClCompile Include="Scene\GameMain\GameMainScene.cpp">
      <Filter>ソース ファイル</Filter>
    </ClCompile>
    <ClCompile Include="UI\UI.cpp">
      <Filter>ソース ファイル</Filter>
    </ClCompile>
    <ClCompile Include="Actor\Character\Player\Player1.cpp">
      <Filter>ソース ファイル</Filter>
    </ClCompile>
  </ItemGroup>
  <ItemGroup>
    <ClInclude Include="Actor\Character\CharaBase.h" />
    <ClInclude Include="Actor\Item\BonusBox.h" />
    <ClInclude Include="Collider\BoxCollision.h" />
    <ClInclude Include="Collision\BoxCollision.h" />
    <ClInclude Include="common.h" />
    <ClInclude Include="Actor\Character\Player\Player1.h" />
    <ClInclude Include="Actor\Item\Item.h" />
    <ClInclude Include="Actor\Character\Player\Player2.h" />
    <ClInclude Include="SceneManager\SceneManager.h" />
    <ClInclude Include="Scene\GameMain\GameMainScene.h" />
    <ClInclude Include="Scene\SceneBase.h" />
    <ClInclude Include="UI\UI.h" />
    <ClInclude Include="Scene\Title\TitleScene.h" />
    <ClInclude Include="Scene\Result\ResultScene.h" />
    <ClInclude Include="Scene\End\EndScene.h" />
    <ClInclude Include="Actor\Skyfloor\Floor.h" />
    <ClInclude Include="Scene\Help\HelpScene.h" />
    <ClInclude Include="Utility\FontManager.h" />
  </ItemGroup>
  <ItemGroup>
    <ClInclude Include="Actor\bullet.h" />
    <ClInclude Include="Skill\skill1.h" />
  </ItemGroup>
</Project>