<?xml version="1.0" encoding="utf-8"?>
<Project ToolsVersion="4.0" xmlns="http://schemas.microsoft.com/developer/msbuild/2003">
  <ItemGroup>
    <ClCompile Include="Actor\bullet.cpp" />
    <ClCompile Include="Actor\Character\CharaBase.cpp" />
    <ClCompile Include="InputControl\Key\KeyInput.cpp" />
    <ClCompile Include="InputControl\Pad\PadInput.cpp" />
    <ClCompile Include="main.cpp" />
    <ClCompile Include="Actor\Character\Player\Player1.cpp" />
    <ClCompile Include="SceneManager\SceneManager.cpp" />
    <ClCompile Include="Scene\GameMain\GameMainScene.cpp" />
    <ClCompile Include="UI\UI.cpp" />
    <ClCompile Include="Skill\skill1.cpp" />
  </ItemGroup>
  <ItemGroup>
    <ClInclude Include="Actor\bullet.h" />
    <ClInclude Include="Actor\Character\CharaBase.h" />
    <ClInclude Include="Collider\BoxCollision.h" />
    <ClInclude Include="Collision\BoxCollision.h" />
    <ClInclude Include="common.h" />
    <ClInclude Include="InputControl\Key\KeyInput.h" />
    <ClInclude Include="InputControl\Pad\PadInput.h" />
    <ClInclude Include="Actor\Character\Player\Player1.h" />
    <ClInclude Include="SceneManager\SceneManager.h" />
    <ClInclude Include="Scene\GameMain\GameMainScene.h" />
    <ClInclude Include="Scene\SceneBase.h" />
    <ClInclude Include="UI\UI.h" />
    <ClInclude Include="Skill\skill1.h" />
  </ItemGroup>
</Project>